{
  "pins" : [
    {
      "identity" : "mixpanel-swift",
      "kind" : "remoteSourceControl",
      "location" : "https://github.com/mixpanel/mixpanel-swift",
      "state" : {
        "revision" : "cde947cd8d8204a86efd65d824ff9624e0a37a15",
        "version" : "4.0.4"
      }
    },
    {
      "identity" : "purchases-ios",
      "kind" : "remoteSourceControl",
      "location" : "https://github.com/RevenueCat/purchases-ios.git",
      "state" : {
        "revision" : "bd5fcfcbe0b578545e7b06b539739b692eb8251b",
        "version" : "4.13.4"
      }
    },
    {
      "identity" : "sparkle",
      "kind" : "remoteSourceControl",
      "location" : "https://github.com/sparkle-project/Sparkle",
      "state" : {
        "revision" : "2a98381dfe72e24bf593c5c06d2c4fc1763c3f19",
        "version" : "2.3.0"
      }
    },
    {
      "identity" : "swiftclient",
      "kind" : "remoteSourceControl",
      "location" : "https://github.com/TelemetryDeck/SwiftClient",
      "state" : {
        "revision" : "f87b6b069ee8d9ae7a500cebcf3a6059695c5025",
        "version" : "1.4.1"
      }
    }
  ],
  "version" : 2
}
